
Microsoft Visual Studio Solution File, Format Version 12.00
# Visual Studio Version 16
VisualStudioVersion = 16.0.31911.196
MinimumVisualStudioVersion = 10.0.40219.1
Project("{9A19103F-16F7-4668-BE54-9A1E7A4F7556}") = "SimpleP2PLibrary", "SimpleP2PLibrary\SimpleP2PLibrary.csproj", "{BADFC077-4663-4AA2-B903-31FD002E4C98}"
EndProject
Project("{FAE04EC0-301F-11D3-BF4B-00C04F79EFBC}") = "SimpleP2PRest", "SimpleP2PRest\SimpleP2PRest.csproj", "{FC8B4167-82C8-4FAE-80C4-F5017944BD57}"
EndProject
Project("{FAE04EC0-301F-11D3-BF4B-00C04F79EFBC}") = "SimpleP2PPeerServer", "SimpleP2PPeerServer\SimpleP2PPeerServer.csproj", "{AF932C26-75E5-4C19-9DEE-417E4425C08B}"
EndProject
Project("{FAE04EC0-301F-11D3-BF4B-00C04F79EFBC}") = "SimpleP2PPeerClient", "SimpleP2PPeerClient\SimpleP2PPeerClient.csproj", "{C460635F-EF40-4919-8ACB-D4109C33197A}"
EndProject
Global
	GlobalSection(SolutionConfigurationPlatforms) = preSolution
		Debug|Any CPU = Debug|Any CPU
		Release|Any CPU = Release|Any CPU
	EndGlobalSection
	GlobalSection(ProjectConfigurationPlatforms) = postSolution
		{BADFC077-4663-4AA2-B903-31FD002E4C98}.Debug|Any CPU.ActiveCfg = Debug|Any CPU
		{BADFC077-4663-4AA2-B903-31FD002E4C98}.Debug|Any CPU.Build.0 = Debug|Any CPU
		{BADFC077-4663-4AA2-B903-31FD002E4C98}.Release|Any CPU.ActiveCfg = Release|Any CPU
		{BADFC077-4663-4AA2-B903-31FD002E4C98}.Release|Any CPU.Build.0 = Release|Any CPU
		{FC8B4167-82C8-4FAE-80C4-F5017944BD57}.Debug|Any CPU.ActiveCfg = Debug|Any CPU
		{FC8B4167-82C8-4FAE-80C4-F5017944BD57}.Debug|Any CPU.Build.0 = Debug|Any CPU
		{FC8B4167-82C8-4FAE-80C4-F5017944BD57}.Release|Any CPU.ActiveCfg = Release|Any CPU
		{FC8B4167-82C8-4FAE-80C4-F5017944BD57}.Release|Any CPU.Build.0 = Release|Any CPU
		{AF932C26-75E5-4C19-9DEE-417E4425C08B}.Debug|Any CPU.ActiveCfg = Debug|Any CPU
		{AF932C26-75E5-4C19-9DEE-417E4425C08B}.Debug|Any CPU.Build.0 = Debug|Any CPU
		{AF932C26-75E5-4C19-9DEE-417E4425C08B}.Release|Any CPU.ActiveCfg = Release|Any CPU
		{AF932C26-75E5-4C19-9DEE-417E4425C08B}.Release|Any CPU.Build.0 = Release|Any CPU
		{C460635F-EF40-4919-8ACB-D4109C33197A}.Debug|Any CPU.ActiveCfg = Debug|Any CPU
		{C460635F-EF40-4919-8ACB-D4109C33197A}.Debug|Any CPU.Build.0 = Debug|Any CPU
		{C460635F-EF40-4919-8ACB-D4109C33197A}.Release|Any CPU.ActiveCfg = Release|Any CPU
		{C460635F-EF40-4919-8ACB-D4109C33197A}.Release|Any CPU.Build.0 = Release|Any CPU
	EndGlobalSection
	GlobalSection(SolutionProperties) = preSolution
		HideSolutionNode = FALSE
	EndGlobalSection
	GlobalSection(ExtensibilityGlobals) = postSolution
		SolutionGuid = {49151054-A5E5-4B6D-BE05-9289FA45357A}
	EndGlobalSection
EndGlobal
